// !$*UTF8*$!
{
	archiveVersion = 1;
	classes = {
	};
	objectVersion = 50;
	objects = {

/* Begin PBXBuildFile section */
		98072492212DBFA2005D05E6 /* ShowPhotosViewModelTests.swift in Sources */ = {isa = PBXBuildFile; fileRef = 98072491212DBFA2005D05E6 /* ShowPhotosViewModelTests.swift */; };
		9886A73C212BADF500247498 /* AppDelegate.swift in Sources */ = {isa = PBXBuildFile; fileRef = 9886A73B212BADF500247498 /* AppDelegate.swift */; };
		9886A73E212BADF500247498 /* ShowPhotosViewController.swift in Sources */ = {isa = PBXBuildFile; fileRef = 9886A73D212BADF500247498 /* ShowPhotosViewController.swift */; };
		9886A741212BADF500247498 /* Main.storyboard in Resources */ = {isa = PBXBuildFile; fileRef = 9886A73F212BADF500247498 /* Main.storyboard */; };
		9886A744212BADF500247498 /* Assignment_Flickr.xcdatamodeld in Sources */ = {isa = PBXBuildFile; fileRef = 9886A742212BADF500247498 /* Assignment_Flickr.xcdatamodeld */; };
		9886A746212BADF600247498 /* Assets.xcassets in Resources */ = {isa = PBXBuildFile; fileRef = 9886A745212BADF600247498 /* Assets.xcassets */; };
		9886A749212BADF600247498 /* LaunchScreen.storyboard in Resources */ = {isa = PBXBuildFile; fileRef = 9886A747212BADF600247498 /* LaunchScreen.storyboard */; };
		9886A754212BADF600247498 /* Assignment_FlickrTests.swift in Sources */ = {isa = PBXBuildFile; fileRef = 9886A753212BADF600247498 /* Assignment_FlickrTests.swift */; };
		9886A75F212BADF600247498 /* Assignment_FlickrUITests.swift in Sources */ = {isa = PBXBuildFile; fileRef = 9886A75E212BADF600247498 /* Assignment_FlickrUITests.swift */; };
		9886A771212BC63700247498 /* PhotoCollectionViewCell.swift in Sources */ = {isa = PBXBuildFile; fileRef = 9886A770212BC63700247498 /* PhotoCollectionViewCell.swift */; };
		9886A777212BC88300247498 /* ShowPhotosViewModel.swift in Sources */ = {isa = PBXBuildFile; fileRef = 9886A776212BC88300247498 /* ShowPhotosViewModel.swift */; };
		98ADD3E3212C5D1F003F51DD /* FetchPhotosService.swift in Sources */ = {isa = PBXBuildFile; fileRef = 98ADD3E2212C5D1F003F51DD /* FetchPhotosService.swift */; };
		98ADD3E7212C5F45003F51DD /* Photo.swift in Sources */ = {isa = PBXBuildFile; fileRef = 98ADD3E6212C5F45003F51DD /* Photo.swift */; };
		98ADD3E9212C6A67003F51DD /* PhotosResponse.swift in Sources */ = {isa = PBXBuildFile; fileRef = 98ADD3E8212C6A67003F51DD /* PhotosResponse.swift */; };
		98ADD3EB212C8365003F51DD /* ImageDownloader.swift in Sources */ = {isa = PBXBuildFile; fileRef = 98ADD3EA212C8365003F51DD /* ImageDownloader.swift */; };
		98ADD3ED212C88CC003F51DD /* UIScrollViewExtension.swift in Sources */ = {isa = PBXBuildFile; fileRef = 98ADD3EC212C88CC003F51DD /* UIScrollViewExtension.swift */; };
/* End PBXBuildFile section */

/* Begin PBXContainerItemProxy section */
		9886A750212BADF600247498 /* PBXContainerItemProxy */ = {
			isa = PBXContainerItemProxy;
			containerPortal = 9886A730212BADF400247498 /* Project object */;
			proxyType = 1;
			remoteGlobalIDString = 9886A737212BADF400247498;
			remoteInfo = Assignment_Flickr;
		};
		9886A75B212BADF600247498 /* PBXContainerItemProxy */ = {
			isa = PBXContainerItemProxy;
			containerPortal = 9886A730212BADF400247498 /* Project object */;
			proxyType = 1;
			remoteGlobalIDString = 9886A737212BADF400247498;
			remoteInfo = Assignment_Flickr;
		};
/* End PBXContainerItemProxy section */

/* Begin PBXFileReference section */
		98072491212DBFA2005D05E6 /* ShowPhotosViewModelTests.swift */ = {isa = PBXFileReference; lastKnownFileType = sourcecode.swift; path = ShowPhotosViewModelTests.swift; sourceTree = "<group>"; };
		9886A738212BADF400247498 /* Assignment_Flickr.app */ = {isa = PBXFileReference; explicitFileType = wrapper.application; includeInIndex = 0; path = Assignment_Flickr.app; sourceTree = BUILT_PRODUCTS_DIR; };
		9886A73B212BADF500247498 /* AppDelegate.swift */ = {isa = PBXFileReference; lastKnownFileType = sourcecode.swift; path = AppDelegate.swift; sourceTree = "<group>"; };
		9886A73D212BADF500247498 /* ShowPhotosViewController.swift */ = {isa = PBXFileReference; lastKnownFileType = sourcecode.swift; path = ShowPhotosViewController.swift; sourceTree = "<group>"; };
		9886A740212BADF500247498 /* Base */ = {isa = PBXFileReference; lastKnownFileType = file.storyboard; name = Base; path = Base.lproj/Main.storyboard; sourceTree = "<group>"; };
		9886A743212BADF500247498 /* Assignment_Flickr.xcdatamodel */ = {isa = PBXFileReference; lastKnownFileType = wrapper.xcdatamodel; path = Assignment_Flickr.xcdatamodel; sourceTree = "<group>"; };
		9886A745212BADF600247498 /* Assets.xcassets */ = {isa = PBXFileReference; lastKnownFileType = folder.assetcatalog; path = Assets.xcassets; sourceTree = "<group>"; };
		9886A748212BADF600247498 /* Base */ = {isa = PBXFileReference; lastKnownFileType = file.storyboard; name = Base; path = Base.lproj/LaunchScreen.storyboard; sourceTree = "<group>"; };
		9886A74A212BADF600247498 /* Info.plist */ = {isa = PBXFileReference; lastKnownFileType = text.plist.xml; path = Info.plist; sourceTree = "<group>"; };
		9886A74F212BADF600247498 /* Assignment_FlickrTests.xctest */ = {isa = PBXFileReference; explicitFileType = wrapper.cfbundle; includeInIndex = 0; path = Assignment_FlickrTests.xctest; sourceTree = BUILT_PRODUCTS_DIR; };
		9886A753212BADF600247498 /* Assignment_FlickrTests.swift */ = {isa = PBXFileReference; lastKnownFileType = sourcecode.swift; path = Assignment_FlickrTests.swift; sourceTree = "<group>"; };
		9886A755212BADF600247498 /* Info.plist */ = {isa = PBXFileReference; lastKnownFileType = text.plist.xml; path = Info.plist; sourceTree = "<group>"; };
		9886A75A212BADF600247498 /* Assignment_FlickrUITests.xctest */ = {isa = PBXFileReference; explicitFileType = wrapper.cfbundle; includeInIndex = 0; path = Assignment_FlickrUITests.xctest; sourceTree = BUILT_PRODUCTS_DIR; };
		9886A75E212BADF600247498 /* Assignment_FlickrUITests.swift */ = {isa = PBXFileReference; lastKnownFileType = sourcecode.swift; path = Assignment_FlickrUITests.swift; sourceTree = "<group>"; };
		9886A760212BADF600247498 /* Info.plist */ = {isa = PBXFileReference; lastKnownFileType = text.plist.xml; path = Info.plist; sourceTree = "<group>"; };
		9886A770212BC63700247498 /* PhotoCollectionViewCell.swift */ = {isa = PBXFileReference; lastKnownFileType = sourcecode.swift; path = PhotoCollectionViewCell.swift; sourceTree = "<group>"; };
		9886A776212BC88300247498 /* ShowPhotosViewModel.swift */ = {isa = PBXFileReference; lastKnownFileType = sourcecode.swift; path = ShowPhotosViewModel.swift; sourceTree = "<group>"; };
		98ADD3E2212C5D1F003F51DD /* FetchPhotosService.swift */ = {isa = PBXFileReference; lastKnownFileType = sourcecode.swift; path = FetchPhotosService.swift; sourceTree = "<group>"; };
		98ADD3E6212C5F45003F51DD /* Photo.swift */ = {isa = PBXFileReference; lastKnownFileType = sourcecode.swift; path = Photo.swift; sourceTree = "<group>"; };
		98ADD3E8212C6A67003F51DD /* PhotosResponse.swift */ = {isa = PBXFileReference; lastKnownFileType = sourcecode.swift; path = PhotosResponse.swift; sourceTree = "<group>"; };
		98ADD3EA212C8365003F51DD /* ImageDownloader.swift */ = {isa = PBXFileReference; lastKnownFileType = sourcecode.swift; path = ImageDownloader.swift; sourceTree = "<group>"; };
		98ADD3EC212C88CC003F51DD /* UIScrollViewExtension.swift */ = {isa = PBXFileReference; lastKnownFileType = sourcecode.swift; path = UIScrollViewExtension.swift; sourceTree = "<group>"; };
/* End PBXFileReference section */

/* Begin PBXFrameworksBuildPhase section */
		9886A735212BADF400247498 /* Frameworks */ = {
			isa = PBXFrameworksBuildPhase;
			buildActionMask = 2147483647;
			files = (
			);
			runOnlyForDeploymentPostprocessing = 0;
		};
		9886A74C212BADF600247498 /* Frameworks */ = {
			isa = PBXFrameworksBuildPhase;
			buildActionMask = 2147483647;
			files = (
			);
			runOnlyForDeploymentPostprocessing = 0;
		};
		9886A757212BADF600247498 /* Frameworks */ = {
			isa = PBXFrameworksBuildPhase;
			buildActionMask = 2147483647;
			files = (
			);
			runOnlyForDeploymentPostprocessing = 0;
		};
/* End PBXFrameworksBuildPhase section */

/* Begin PBXGroup section */
		98072490212DBF7C005D05E6 /* ViewModel */ = {
			isa = PBXGroup;
			children = (
				98072491212DBFA2005D05E6 /* ShowPhotosViewModelTests.swift */,
			);
			path = ViewModel;
			sourceTree = "<group>";
		};
		9886A72F212BADF400247498 = {
			isa = PBXGroup;
			children = (
				9886A73A212BADF500247498 /* Assignment_Flickr */,
				9886A752212BADF600247498 /* Assignment_FlickrTests */,
				9886A75D212BADF600247498 /* Assignment_FlickrUITests */,
				9886A739212BADF400247498 /* Products */,
			);
			sourceTree = "<group>";
		};
		9886A739212BADF400247498 /* Products */ = {
			isa = PBXGroup;
			children = (
				9886A738212BADF400247498 /* Assignment_Flickr.app */,
				9886A74F212BADF600247498 /* Assignment_FlickrTests.xctest */,
				9886A75A212BADF600247498 /* Assignment_FlickrUITests.xctest */,
			);
			name = Products;
			sourceTree = "<group>";
		};
		9886A73A212BADF500247498 /* Assignment_Flickr */ = {
			isa = PBXGroup;
			children = (
				9886A76C212BC1C200247498 /* Model */,
				9886A76D212BC1CA00247498 /* View */,
				9886A76E212BC1CD00247498 /* ViewModel */,
				9886A73B212BADF500247498 /* AppDelegate.swift */,
				9886A73F212BADF500247498 /* Main.storyboard */,
				9886A745212BADF600247498 /* Assets.xcassets */,
				9886A747212BADF600247498 /* LaunchScreen.storyboard */,
				9886A74A212BADF600247498 /* Info.plist */,
				9886A742212BADF500247498 /* Assignment_Flickr.xcdatamodeld */,
			);
			path = Assignment_Flickr;
			sourceTree = "<group>";
		};
		9886A752212BADF600247498 /* Assignment_FlickrTests */ = {
			isa = PBXGroup;
			children = (
				98072490212DBF7C005D05E6 /* ViewModel */,
				9886A753212BADF600247498 /* Assignment_FlickrTests.swift */,
				9886A755212BADF600247498 /* Info.plist */,
			);
			path = Assignment_FlickrTests;
			sourceTree = "<group>";
		};
		9886A75D212BADF600247498 /* Assignment_FlickrUITests */ = {
			isa = PBXGroup;
			children = (
				9886A75E212BADF600247498 /* Assignment_FlickrUITests.swift */,
				9886A760212BADF600247498 /* Info.plist */,
			);
			path = Assignment_FlickrUITests;
			sourceTree = "<group>";
		};
		9886A76C212BC1C200247498 /* Model */ = {
			isa = PBXGroup;
			children = (
				98ADD3E5212C5F24003F51DD /* DataModels */,
				98ADD3E4212C5F1B003F51DD /* ServiceModel */,
			);
			path = Model;
			sourceTree = "<group>";
		};
		9886A76D212BC1CA00247498 /* View */ = {
			isa = PBXGroup;
			children = (
				9886A73D212BADF500247498 /* ShowPhotosViewController.swift */,
				9886A770212BC63700247498 /* PhotoCollectionViewCell.swift */,
				98ADD3EC212C88CC003F51DD /* UIScrollViewExtension.swift */,
			);
			path = View;
			sourceTree = "<group>";
		};
		9886A76E212BC1CD00247498 /* ViewModel */ = {
			isa = PBXGroup;
			children = (
				9886A776212BC88300247498 /* ShowPhotosViewModel.swift */,
			);
			path = ViewModel;
			sourceTree = "<group>";
		};
		98ADD3E4212C5F1B003F51DD /* ServiceModel */ = {
			isa = PBXGroup;
			children = (
				98ADD3E2212C5D1F003F51DD /* FetchPhotosService.swift */,
				98ADD3EA212C8365003F51DD /* ImageDownloader.swift */,
			);
			path = ServiceModel;
			sourceTree = "<group>";
		};
		98ADD3E5212C5F24003F51DD /* DataModels */ = {
			isa = PBXGroup;
			children = (
				98ADD3E6212C5F45003F51DD /* Photo.swift */,
				98ADD3E8212C6A67003F51DD /* PhotosResponse.swift */,
			);
			path = DataModels;
			sourceTree = "<group>";
		};
/* End PBXGroup section */

/* Begin PBXNativeTarget section */
		9886A737212BADF400247498 /* Assignment_Flickr */ = {
			isa = PBXNativeTarget;
			buildConfigurationList = 9886A763212BADF600247498 /* Build configuration list for PBXNativeTarget "Assignment_Flickr" */;
			buildPhases = (
				9886A734212BADF400247498 /* Sources */,
				9886A735212BADF400247498 /* Frameworks */,
				9886A736212BADF400247498 /* Resources */,
			);
			buildRules = (
			);
			dependencies = (
			);
			name = Assignment_Flickr;
			productName = Assignment_Flickr;
			productReference = 9886A738212BADF400247498 /* Assignment_Flickr.app */;
			productType = "com.apple.product-type.application";
		};
		9886A74E212BADF600247498 /* Assignment_FlickrTests */ = {
			isa = PBXNativeTarget;
			buildConfigurationList = 9886A766212BADF600247498 /* Build configuration list for PBXNativeTarget "Assignment_FlickrTests" */;
			buildPhases = (
				9886A74B212BADF600247498 /* Sources */,
				9886A74C212BADF600247498 /* Frameworks */,
				9886A74D212BADF600247498 /* Resources */,
			);
			buildRules = (
			);
			dependencies = (
				9886A751212BADF600247498 /* PBXTargetDependency */,
			);
			name = Assignment_FlickrTests;
			productName = Assignment_FlickrTests;
			productReference = 9886A74F212BADF600247498 /* Assignment_FlickrTests.xctest */;
			productType = "com.apple.product-type.bundle.unit-test";
		};
		9886A759212BADF600247498 /* Assignment_FlickrUITests */ = {
			isa = PBXNativeTarget;
			buildConfigurationList = 9886A769212BADF600247498 /* Build configuration list for PBXNativeTarget "Assignment_FlickrUITests" */;
			buildPhases = (
				9886A756212BADF600247498 /* Sources */,
				9886A757212BADF600247498 /* Frameworks */,
				9886A758212BADF600247498 /* Resources */,
			);
			buildRules = (
			);
			dependencies = (
				9886A75C212BADF600247498 /* PBXTargetDependency */,
			);
			name = Assignment_FlickrUITests;
			productName = Assignment_FlickrUITests;
			productReference = 9886A75A212BADF600247498 /* Assignment_FlickrUITests.xctest */;
			productType = "com.apple.product-type.bundle.ui-testing";
		};
/* End PBXNativeTarget section */

/* Begin PBXProject section */
		9886A730212BADF400247498 /* Project object */ = {
			isa = PBXProject;
			attributes = {
				LastSwiftUpdateCheck = 0940;
				LastUpgradeCheck = 0940;
				ORGANIZATIONNAME = "Nishu Priya";
				TargetAttributes = {
					9886A737212BADF400247498 = {
						CreatedOnToolsVersion = 9.4.1;
					};
					9886A74E212BADF600247498 = {
						CreatedOnToolsVersion = 9.4.1;
						TestTargetID = 9886A737212BADF400247498;
					};
					9886A759212BADF600247498 = {
						CreatedOnToolsVersion = 9.4.1;
						TestTargetID = 9886A737212BADF400247498;
					};
				};
			};
			buildConfigurationList = 9886A733212BADF400247498 /* Build configuration list for PBXProject "Assignment_Flickr" */;
			compatibilityVersion = "Xcode 9.3";
			developmentRegion = en;
			hasScannedForEncodings = 0;
			knownRegions = (
				en,
				Base,
			);
			mainGroup = 9886A72F212BADF400247498;
			productRefGroup = 9886A739212BADF400247498 /* Products */;
			projectDirPath = "";
			projectRoot = "";
			targets = (
				9886A737212BADF400247498 /* Assignment_Flickr */,
				9886A74E212BADF600247498 /* Assignment_FlickrTests */,
				9886A759212BADF600247498 /* Assignment_FlickrUITests */,
			);
		};
/* End PBXProject section */

/* Begin PBXResourcesBuildPhase section */
		9886A736212BADF400247498 /* Resources */ = {
			isa = PBXResourcesBuildPhase;
			buildActionMask = 2147483647;
			files = (
				9886A749212BADF600247498 /* LaunchScreen.storyboard in Resources */,
				9886A746212BADF600247498 /* Assets.xcassets in Resources */,
				9886A741212BADF500247498 /* Main.storyboard in Resources */,
			);
			runOnlyForDeploymentPostprocessing = 0;
		};
		9886A74D212BADF600247498 /* Resources */ = {
			isa = PBXResourcesBuildPhase;
			buildActionMask = 2147483647;
			files = (
			);
			runOnlyForDeploymentPostprocessing = 0;
		};
		9886A758212BADF600247498 /* Resources */ = {
			isa = PBXResourcesBuildPhase;
			buildActionMask = 2147483647;
			files = (
			);
			runOnlyForDeploymentPostprocessing = 0;
		};
/* End PBXResourcesBuildPhase section */

/* Begin PBXSourcesBuildPhase section */
		9886A734212BADF400247498 /* Sources */ = {
			isa = PBXSourcesBuildPhase;
			buildActionMask = 2147483647;
			files = (
				98ADD3E7212C5F45003F51DD /* Photo.swift in Sources */,
				9886A777212BC88300247498 /* ShowPhotosViewModel.swift in Sources */,
				98ADD3ED212C88CC003F51DD /* UIScrollViewExtension.swift in Sources */,
				9886A73E212BADF500247498 /* ShowPhotosViewController.swift in Sources */,
				98ADD3E9212C6A67003F51DD /* PhotosResponse.swift in Sources */,
				9886A771212BC63700247498 /* PhotoCollectionViewCell.swift in Sources */,
				9886A73C212BADF500247498 /* AppDelegate.swift in Sources */,
				9886A744212BADF500247498 /* Assignment_Flickr.xcdatamodeld in Sources */,
				98ADD3EB212C8365003F51DD /* ImageDownloader.swift in Sources */,
				98ADD3E3212C5D1F003F51DD /* FetchPhotosService.swift in Sources */,
			);
			runOnlyForDeploymentPostprocessing = 0;
		};
		9886A74B212BADF600247498 /* Sources */ = {
			isa = PBXSourcesBuildPhase;
			buildActionMask = 2147483647;
			files = (
				98072492212DBFA2005D05E6 /* ShowPhotosViewModelTests.swift in Sources */,
				9886A754212BADF600247498 /* Assignment_FlickrTests.swift in Sources */,
			);
			runOnlyForDeploymentPostprocessing = 0;
		};
		9886A756212BADF600247498 /* Sources */ = {
			isa = PBXSourcesBuildPhase;
			buildActionMask = 2147483647;
			files = (
				9886A75F212BADF600247498 /* Assignment_FlickrUITests.swift in Sources */,
			);
			runOnlyForDeploymentPostprocessing = 0;
		};
/* End PBXSourcesBuildPhase section */

/* Begin PBXTargetDependency section */
		9886A751212BADF600247498 /* PBXTargetDependency */ = {
			isa = PBXTargetDependency;
			target = 9886A737212BADF400247498 /* Assignment_Flickr */;
			targetProxy = 9886A750212BADF600247498 /* PBXContainerItemProxy */;
		};
		9886A75C212BADF600247498 /* PBXTargetDependency */ = {
			isa = PBXTargetDependency;
			target = 9886A737212BADF400247498 /* Assignment_Flickr */;
			targetProxy = 9886A75B212BADF600247498 /* PBXContainerItemProxy */;
		};
/* End PBXTargetDependency section */

/* Begin PBXVariantGroup section */
		9886A73F212BADF500247498 /* Main.storyboard */ = {
			isa = PBXVariantGroup;
			children = (
				9886A740212BADF500247498 /* Base */,
			);
			name = Main.storyboard;
			sourceTree = "<group>";
		};
		9886A747212BADF600247498 /* LaunchScreen.storyboard */ = {
			isa = PBXVariantGroup;
			children = (
				9886A748212BADF600247498 /* Base */,
			);
			name = LaunchScreen.storyboard;
			sourceTree = "<group>";
		};
/* End PBXVariantGroup section */

/* Begin XCBuildConfiguration section */
		9886A761212BADF600247498 /* Debug */ = {
			isa = XCBuildConfiguration;
			buildSettings = {
				ALWAYS_SEARCH_USER_PATHS = NO;
				CLANG_ANALYZER_NONNULL = YES;
				CLANG_ANALYZER_NUMBER_OBJECT_CONVERSION = YES_AGGRESSIVE;
				CLANG_CXX_LANGUAGE_STANDARD = "gnu++14";
				CLANG_CXX_LIBRARY = "libc++";
				CLANG_ENABLE_MODULES = YES;
				CLANG_ENABLE_OBJC_ARC = YES;
				CLANG_ENABLE_OBJC_WEAK = YES;
				CLANG_WARN_BLOCK_CAPTURE_AUTORELEASING = YES;
				CLANG_WARN_BOOL_CONVERSION = YES;
				CLANG_WARN_COMMA = YES;
				CLANG_WARN_CONSTANT_CONVERSION = YES;
				CLANG_WARN_DEPRECATED_OBJC_IMPLEMENTATIONS = YES;
				CLANG_WARN_DIRECT_OBJC_ISA_USAGE = YES_ERROR;
				CLANG_WARN_DOCUMENTATION_COMMENTS = YES;
				CLANG_WARN_EMPTY_BODY = YES;
				CLANG_WARN_ENUM_CONVERSION = YES;
				CLANG_WARN_INFINITE_RECURSION = YES;
				CLANG_WARN_INT_CONVERSION = YES;
				CLANG_WARN_NON_LITERAL_NULL_CONVERSION = YES;
				CLANG_WARN_OBJC_IMPLICIT_RETAIN_SELF = YES;
				CLANG_WARN_OBJC_LITERAL_CONVERSION = YES;
				CLANG_WARN_OBJC_ROOT_CLASS = YES_ERROR;
				CLANG_WARN_RANGE_LOOP_ANALYSIS = YES;
				CLANG_WARN_STRICT_PROTOTYPES = YES;
				CLANG_WARN_SUSPICIOUS_MOVE = YES;
				CLANG_WARN_UNGUARDED_AVAILABILITY = YES_AGGRESSIVE;
				CLANG_WARN_UNREACHABLE_CODE = YES;
				CLANG_WARN__DUPLICATE_METHOD_MATCH = YES;
				CODE_SIGN_IDENTITY = "iPhone Developer";
				COPY_PHASE_STRIP = NO;
				DEBUG_INFORMATION_FORMAT = dwarf;
				ENABLE_STRICT_OBJC_MSGSEND = YES;
				ENABLE_TESTABILITY = YES;
				GCC_C_LANGUAGE_STANDARD = gnu11;
				GCC_DYNAMIC_NO_PIC = NO;
				GCC_NO_COMMON_BLOCKS = YES;
				GCC_OPTIMIZATION_LEVEL = 0;
				GCC_PREPROCESSOR_DEFINITIONS = (
					"DEBUG=1",
					"$(inherited)",
				);
				GCC_WARN_64_TO_32_BIT_CONVERSION = YES;
				GCC_WARN_ABOUT_RETURN_TYPE = YES_ERROR;
				GCC_WARN_UNDECLARED_SELECTOR = YES;
				GCC_WARN_UNINITIALIZED_AUTOS = YES_AGGRESSIVE;
				GCC_WARN_UNUSED_FUNCTION = YES;
				GCC_WARN_UNUSED_VARIABLE = YES;
				IPHONEOS_DEPLOYMENT_TARGET = 11.4;
				MTL_ENABLE_DEBUG_INFO = YES;
				ONLY_ACTIVE_ARCH = YES;
				SDKROOT = iphoneos;
				SWIFT_ACTIVE_COMPILATION_CONDITIONS = DEBUG;
				SWIFT_OPTIMIZATION_LEVEL = "-Onone";
			};
			name = Debug;
		};
		9886A762212BADF600247498 /* Release */ = {
			isa = XCBuildConfiguration;
			buildSettings = {
				ALWAYS_SEARCH_USER_PATHS = NO;
				CLANG_ANALYZER_NONNULL = YES;
				CLANG_ANALYZER_NUMBER_OBJECT_CONVERSION = YES_AGGRESSIVE;
				CLANG_CXX_LANGUAGE_STANDARD = "gnu++14";
				CLANG_CXX_LIBRARY = "libc++";
				CLANG_ENABLE_MODULES = YES;
				CLANG_ENABLE_OBJC_ARC = YES;
				CLANG_ENABLE_OBJC_WEAK = YES;
				CLANG_WARN_BLOCK_CAPTURE_AUTORELEASING = YES;
				CLANG_WARN_BOOL_CONVERSION = YES;
				CLANG_WARN_COMMA = YES;
				CLANG_WARN_CONSTANT_CONVERSION = YES;
				CLANG_WARN_DEPRECATED_OBJC_IMPLEMENTATIONS = YES;
				CLANG_WARN_DIRECT_OBJC_ISA_USAGE = YES_ERROR;
				CLANG_WARN_DOCUMENTATION_COMMENTS = YES;
				CLANG_WARN_EMPTY_BODY = YES;
				CLANG_WARN_ENUM_CONVERSION = YES;
				CLANG_WARN_INFINITE_RECURSION = YES;
				CLANG_WARN_INT_CONVERSION = YES;
				CLANG_WARN_NON_LITERAL_NULL_CONVERSION = YES;
				CLANG_WARN_OBJC_IMPLICIT_RETAIN_SELF = YES;
				CLANG_WARN_OBJC_LITERAL_CONVERSION = YES;
				CLANG_WARN_OBJC_ROOT_CLASS = YES_ERROR;
				CLANG_WARN_RANGE_LOOP_ANALYSIS = YES;
				CLANG_WARN_STRICT_PROTOTYPES = YES;
				CLANG_WARN_SUSPICIOUS_MOVE = YES;
				CLANG_WARN_UNGUARDED_AVAILABILITY = YES_AGGRESSIVE;
				CLANG_WARN_UNREACHABLE_CODE = YES;
				CLANG_WARN__DUPLICATE_METHOD_MATCH = YES;
				CODE_SIGN_IDENTITY = "iPhone Developer";
				COPY_PHASE_STRIP = NO;
				DEBUG_INFORMATION_FORMAT = "dwarf-with-dsym";
				ENABLE_NS_ASSERTIONS = NO;
				ENABLE_STRICT_OBJC_MSGSEND = YES;
				GCC_C_LANGUAGE_STANDARD = gnu11;
				GCC_NO_COMMON_BLOCKS = YES;
				GCC_WARN_64_TO_32_BIT_CONVERSION = YES;
				GCC_WARN_ABOUT_RETURN_TYPE = YES_ERROR;
				GCC_WARN_UNDECLARED_SELECTOR = YES;
				GCC_WARN_UNINITIALIZED_AUTOS = YES_AGGRESSIVE;
				GCC_WARN_UNUSED_FUNCTION = YES;
				GCC_WARN_UNUSED_VARIABLE = YES;
				IPHONEOS_DEPLOYMENT_TARGET = 11.4;
				MTL_ENABLE_DEBUG_INFO = NO;
				SDKROOT = iphoneos;
				SWIFT_COMPILATION_MODE = wholemodule;
				SWIFT_OPTIMIZATION_LEVEL = "-O";
				VALIDATE_PRODUCT = YES;
			};
			name = Release;
		};
		9886A764212BADF600247498 /* Debug */ = {
			isa = XCBuildConfiguration;
			buildSettings = {
				ASSETCATALOG_COMPILER_APPICON_NAME = AppIcon;
				CODE_SIGN_STYLE = Automatic;
				DEVELOPMENT_TEAM = QBTU833AC9;
				INFOPLIST_FILE = Assignment_Flickr/Info.plist;
				IPHONEOS_DEPLOYMENT_TARGET = 10.0;
				LD_RUNPATH_SEARCH_PATHS = (
					"$(inherited)",
					"@executable_path/Frameworks",
				);
				PRODUCT_BUNDLE_IDENTIFIER = "com.nishu.Assignment-Flickr";
				PRODUCT_NAME = "$(TARGET_NAME)";
				SWIFT_VERSION = 4.0;
				TARGETED_DEVICE_FAMILY = "1,2";
			};
			name = Debug;
		};
		9886A765212BADF600247498 /* Release */ = {
			isa = XCBuildConfiguration;
			buildSettings = {
				ASSETCATALOG_COMPILER_APPICON_NAME = AppIcon;
				CODE_SIGN_STYLE = Automatic;
				DEVELOPMENT_TEAM = QBTU833AC9;
				INFOPLIST_FILE = Assignment_Flickr/Info.plist;
				IPHONEOS_DEPLOYMENT_TARGET = 10.0;
				LD_RUNPATH_SEARCH_PATHS = (
					"$(inherited)",
					"@executable_path/Frameworks",
				);
				PRODUCT_BUNDLE_IDENTIFIER = "com.nishu.Assignment-Flickr";
				PRODUCT_NAME = "$(TARGET_NAME)";
				SWIFT_VERSION = 4.0;
				TARGETED_DEVICE_FAMILY = "1,2";
			};
			name = Release;
		};
		9886A767212BADF600247498 /* Debug */ = {
			isa = XCBuildConfiguration;
			buildSettings = {
				ALWAYS_EMBED_SWIFT_STANDARD_LIBRARIES = YES;
				BUNDLE_LOADER = "$(TEST_HOST)";
				CODE_SIGN_STYLE = Automatic;
				DEVELOPMENT_TEAM = QBTU833AC9;
				INFOPLIST_FILE = Assignment_FlickrTests/Info.plist;
				LD_RUNPATH_SEARCH_PATHS = (
					"$(inherited)",
					"@executable_path/Frameworks",
					"@loader_path/Frameworks",
				);
				PRODUCT_BUNDLE_IDENTIFIER = "com.nishu.Assignment-FlickrTests";
				PRODUCT_NAME = "$(TARGET_NAME)";
				SWIFT_VERSION = 4.0;
				TARGETED_DEVICE_FAMILY = "1,2";
				TEST_HOST = "$(BUILT_PRODUCTS_DIR)/Assignment_Flickr.app/Assignment_Flickr";
			};
			name = Debug;
		};
		9886A768212BADF600247498 /* Release */ = {
			isa = XCBuildConfiguration;
			buildSettings = {
				ALWAYS_EMBED_SWIFT_STANDARD_LIBRARIES = YES;
				BUNDLE_LOADER = "$(TEST_HOST)";
				CODE_SIGN_STYLE = Automatic;
				DEVELOPMENT_TEAM = QBTU833AC9;
				INFOPLIST_FILE = Assignment_FlickrTests/Info.plist;
				LD_RUNPATH_SEARCH_PATHS = (
					"$(inherited)",
					"@executable_path/Frameworks",
					"@loader_path/Frameworks",
				);
				PRODUCT_BUNDLE_IDENTIFIER = "com.nishu.Assignment-FlickrTests";
				PRODUCT_NAME = "$(TARGET_NAME)";
				SWIFT_VERSION = 4.0;
				TARGETED_DEVICE_FAMILY = "1,2";
				TEST_HOST = "$(BUILT_PRODUCTS_DIR)/Assignment_Flickr.app/Assignment_Flickr";
			};
			name = Release;
		};
		9886A76A212BADF600247498 /* Debug */ = {
			isa = XCBuildConfiguration;
			buildSettings = {
				ALWAYS_EMBED_SWIFT_STANDARD_LIBRARIES = YES;
				CODE_SIGN_STYLE = Automatic;
				DEVELOPMENT_TEAM = QBTU833AC9;
				INFOPLIST_FILE = Assignment_FlickrUITests/Info.plist;
				LD_RUNPATH_SEARCH_PATHS = (
					"$(inherited)",
					"@executable_path/Frameworks",
					"@loader_path/Frameworks",
				);
				PRODUCT_BUNDLE_IDENTIFIER = "com.nishu.Assignment-FlickrUITests";
				PRODUCT_NAME = "$(TARGET_NAME)";
				SWIFT_VERSION = 4.0;
				TARGETED_DEVICE_FAMILY = "1,2";
				TEST_TARGET_NAME = Assignment_Flickr;
			};
			name = Debug;
		};
		9886A76B212BADF600247498 /* Release */ = {
			isa = XCBuildConfiguration;
			buildSettings = {
				ALWAYS_EMBED_SWIFT_STANDARD_LIBRARIES = YES;
				CODE_SIGN_STYLE = Automatic;
				DEVELOPMENT_TEAM = QBTU833AC9;
				INFOPLIST_FILE = Assignment_FlickrUITests/Info.plist;
				LD_RUNPATH_SEARCH_PATHS = (
					"$(inherited)",
					"@executable_path/Frameworks",
					"@loader_path/Frameworks",
				);
				PRODUCT_BUNDLE_IDENTIFIER = "com.nishu.Assignment-FlickrUITests";
				PRODUCT_NAME = "$(TARGET_NAME)";
				SWIFT_VERSION = 4.0;
				TARGETED_DEVICE_FAMILY = "1,2";
				TEST_TARGET_NAME = Assignment_Flickr;
			};
			name = Release;
		};
/* End XCBuildConfiguration section */

/* Begin XCConfigurationList section */
		9886A733212BADF400247498 /* Build configuration list for PBXProject "Assignment_Flickr" */ = {
			isa = XCConfigurationList;
			buildConfigurations = (
				9886A761212BADF600247498 /* Debug */,
				9886A762212BADF600247498 /* Release */,
			);
			defaultConfigurationIsVisible = 0;
			defaultConfigurationName = Release;
		};
		9886A763212BADF600247498 /* Build configuration list for PBXNativeTarget "Assignment_Flickr" */ = {
			isa = XCConfigurationList;
			buildConfigurations = (
				9886A764212BADF600247498 /* Debug */,
				9886A765212BADF600247498 /* Release */,
			);
			defaultConfigurationIsVisible = 0;
			defaultConfigurationName = Release;
		};
		9886A766212BADF600247498 /* Build configuration list for PBXNativeTarget "Assignment_FlickrTests" */ = {
			isa = XCConfigurationList;
			buildConfigurations = (
				9886A767212BADF600247498 /* Debug */,
				9886A768212BADF600247498 /* Release */,
			);
			defaultConfigurationIsVisible = 0;
			defaultConfigurationName = Release;
		};
		9886A769212BADF600247498 /* Build configuration list for PBXNativeTarget "Assignment_FlickrUITests" */ = {
			isa = XCConfigurationList;
			buildConfigurations = (
				9886A76A212BADF600247498 /* Debug */,
				9886A76B212BADF600247498 /* Release */,
			);
			defaultConfigurationIsVisible = 0;
			defaultConfigurationName = Release;
		};
/* End XCConfigurationList section */

/* Begin XCVersionGroup section */
		9886A742212BADF500247498 /* Assignment_Flickr.xcdatamodeld */ = {
			isa = XCVersionGroup;
			children = (
				9886A743212BADF500247498 /* Assignment_Flickr.xcdatamodel */,
			);
			currentVersion = 9886A743212BADF500247498 /* Assignment_Flickr.xcdatamodel */;
			path = Assignment_Flickr.xcdatamodeld;
			sourceTree = "<group>";
			versionGroupType = wrapper.xcdatamodel;
		};
/* End XCVersionGroup section */
	};
	rootObject = 9886A730212BADF400247498 /* Project object */;
}
